PODS:
  - RouteFoundation (0.0.1)
  - RouteFoundation/Tests (0.0.1)

DEPENDENCIES:
  - RouteFoundation (from `../../`)
  - RouteFoundation/Tests (from `../../`)

EXTERNAL SOURCES:
  RouteFoundation:
    :path: "../../"

SPEC CHECKSUMS:
  RouteFoundation: ffce4a7a23cd8b1408381750eb162612bbab5e84

PODFILE CHECKSUM: db26c1e26e44942129bb92cce4152eafbd6c5d09

COCOAPODS: 1.11.3
